
Microsoft Visual Studio Solution File, Format Version 12.00
# Visual Studio Version 16
VisualStudioVersion = 16.0.29326.143
MinimumVisualStudioVersion = 10.0.40219.1
Project("{FAE04EC0-301F-11D3-BF4B-00C04F79EFBC}") = "TheBalls", "TheBalls\TheBalls.csproj", "{0E1DA587-E3AF-4940-8D6C-1DCDD6050AF1}"
EndProject
Global
	GlobalSection(SolutionConfigurationPlatforms) = preSolution
		Debug|Any CPU = Debug|Any CPU
		Release|Any CPU = Release|Any CPU
	EndGlobalSection
	GlobalSection(ProjectConfigurationPlatforms) = postSolution
		{0E1DA587-E3AF-4940-8D6C-1DCDD6050AF1}.Debug|Any CPU.ActiveCfg = Debug|Any CPU
		{0E1DA587-E3AF-4940-8D6C-1DCDD6050AF1}.Debug|Any CPU.Build.0 = Debug|Any CPU
		{0E1DA587-E3AF-4940-8D6C-1DCDD6050AF1}.Release|Any CPU.ActiveCfg = Release|Any CPU
		{0E1DA587-E3AF-4940-8D6C-1DCDD6050AF1}.Release|Any CPU.Build.0 = Release|Any CPU
	EndGlobalSection
	GlobalSection(SolutionProperties) = preSolution
		HideSolutionNode = FALSE
	EndGlobalSection
	GlobalSection(ExtensibilityGlobals) = postSolution
		SolutionGuid = {6841FE6A-7011-484C-AA57-837B6DC5E262}
	EndGlobalSection
EndGlobal
